
Microsoft Visual Studio Solution File, Format Version 12.00
# Visual Studio Version 16
VisualStudioVersion = 16.0.29709.97
MinimumVisualStudioVersion = 10.0.40219.1
Project("{FAE04EC0-301F-11D3-BF4B-00C04F79EFBC}") = "Vistava GUI", "Vistava GUI\Vistava GUI.csproj", "{95BBD8E9-700F-4C7B-903F-D8E1AC8CC785}"
EndProject
Project("{FAE04EC0-301F-11D3-BF4B-00C04F79EFBC}") = "Vistava Library", "Vistava Library\Vistava Library.csproj", "{D39B2CD0-B521-40D3-B95F-49A1853394BB}"
EndProject
Project("{2150E333-8FDC-42A3-9474-1A3956D46DE8}") = "Solution Items", "Solution Items", "{1D60E243-6F40-4D57-9D85-B561E903ABB3}"
	ProjectSection(SolutionItems) = preProject
		ABOUT.txt = ABOUT.txt
		LICENSE.txt = LICENSE.txt
		README.md = README.md
	EndProjectSection
EndProject
Project("{2150E333-8FDC-42A3-9474-1A3956D46DE8}") = "media", "media", "{D4D6197D-312F-465A-A6AD-45B302F40D7B}"
	ProjectSection(SolutionItems) = preProject
		media\screencast.gif = media\screencast.gif
	EndProjectSection
EndProject
Project("{2150E333-8FDC-42A3-9474-1A3956D46DE8}") = "setup", "setup", "{91A670FD-E187-44D3-B5CD-82A34AD452AA}"
	ProjectSection(SolutionItems) = preProject
		setup\VistavaSetup.nsi = setup\VistavaSetup.nsi
	EndProjectSection
EndProject
Global
	GlobalSection(SolutionConfigurationPlatforms) = preSolution
		Debug|Any CPU = Debug|Any CPU
		Release|Any CPU = Release|Any CPU
	EndGlobalSection
	GlobalSection(ProjectConfigurationPlatforms) = postSolution
		{95BBD8E9-700F-4C7B-903F-D8E1AC8CC785}.Debug|Any CPU.ActiveCfg = Debug|Any CPU
		{95BBD8E9-700F-4C7B-903F-D8E1AC8CC785}.Debug|Any CPU.Build.0 = Debug|Any CPU
		{95BBD8E9-700F-4C7B-903F-D8E1AC8CC785}.Release|Any CPU.ActiveCfg = Release|Any CPU
		{95BBD8E9-700F-4C7B-903F-D8E1AC8CC785}.Release|Any CPU.Build.0 = Release|Any CPU
		{D39B2CD0-B521-40D3-B95F-49A1853394BB}.Debug|Any CPU.ActiveCfg = Debug|Any CPU
		{D39B2CD0-B521-40D3-B95F-49A1853394BB}.Debug|Any CPU.Build.0 = Debug|Any CPU
		{D39B2CD0-B521-40D3-B95F-49A1853394BB}.Release|Any CPU.ActiveCfg = Release|Any CPU
		{D39B2CD0-B521-40D3-B95F-49A1853394BB}.Release|Any CPU.Build.0 = Release|Any CPU
	EndGlobalSection
	GlobalSection(SolutionProperties) = preSolution
		HideSolutionNode = FALSE
	EndGlobalSection
	GlobalSection(NestedProjects) = preSolution
		{D4D6197D-312F-465A-A6AD-45B302F40D7B} = {1D60E243-6F40-4D57-9D85-B561E903ABB3}
		{91A670FD-E187-44D3-B5CD-82A34AD452AA} = {1D60E243-6F40-4D57-9D85-B561E903ABB3}
	EndGlobalSection
	GlobalSection(ExtensibilityGlobals) = postSolution
		SolutionGuid = {7678749F-519E-4638-9D2D-34EA5E71882A}
	EndGlobalSection
EndGlobal
